
Microsoft Visual Studio Solution File, Format Version 12.00
# Visual Studio 15
VisualStudioVersion = 15.0.28307.1500
MinimumVisualStudioVersion = 10.0.40219.1
Project("{8BC9CEB8-8B4A-11D0-8D11-00A0C91BC942}") = "bengin", "bengin\bengin.vcxproj", "{771CB2A8-AD35-49C8-A07D-6ACA52ECF7E0}"
EndProject
Project("{8BC9CEB8-8B4A-11D0-8D11-00A0C91BC942}") = "camshiftdemo", "camshiftdemo\camshiftdemo.vcxproj", "{F26D5F4B-20B1-4479-B252-024D422AD972}"
EndProject
Project("{8BC9CEB8-8B4A-11D0-8D11-00A0C91BC942}") = "FindEdge", "FindEdge\FindEdge.vcxproj", "{8FCF0B5F-288F-4D6E-A5F8-FA84E7980D4B}"
EndProject
Project("{8BC9CEB8-8B4A-11D0-8D11-00A0C91BC942}") = "compressImgae", "compressImgae\compressImgae.vcxproj", "{EB471C86-2388-4107-9C96-B19385C2A597}"
EndProject
Global
	GlobalSection(SolutionConfigurationPlatforms) = preSolution
		Debug|x64 = Debug|x64
		Debug|x86 = Debug|x86
		Release|x64 = Release|x64
		Release|x86 = Release|x86
	EndGlobalSection
	GlobalSection(ProjectConfigurationPlatforms) = postSolution
		{771CB2A8-AD35-49C8-A07D-6ACA52ECF7E0}.Debug|x64.ActiveCfg = Debug|x64
		{771CB2A8-AD35-49C8-A07D-6ACA52ECF7E0}.Debug|x64.Build.0 = Debug|x64
		{771CB2A8-AD35-49C8-A07D-6ACA52ECF7E0}.Debug|x86.ActiveCfg = Debug|Win32
		{771CB2A8-AD35-49C8-A07D-6ACA52ECF7E0}.Debug|x86.Build.0 = Debug|Win32
		{771CB2A8-AD35-49C8-A07D-6ACA52ECF7E0}.Release|x64.ActiveCfg = Release|x64
		{771CB2A8-AD35-49C8-A07D-6ACA52ECF7E0}.Release|x64.Build.0 = Release|x64
		{771CB2A8-AD35-49C8-A07D-6ACA52ECF7E0}.Release|x86.ActiveCfg = Release|Win32
		{771CB2A8-AD35-49C8-A07D-6ACA52ECF7E0}.Release|x86.Build.0 = Release|Win32
		{F26D5F4B-20B1-4479-B252-024D422AD972}.Debug|x64.ActiveCfg = Debug|x64
		{F26D5F4B-20B1-4479-B252-024D422AD972}.Debug|x64.Build.0 = Debug|x64
		{F26D5F4B-20B1-4479-B252-024D422AD972}.Debug|x86.ActiveCfg = Debug|Win32
		{F26D5F4B-20B1-4479-B252-024D422AD972}.Debug|x86.Build.0 = Debug|Win32
		{F26D5F4B-20B1-4479-B252-024D422AD972}.Release|x64.ActiveCfg = Release|x64
		{F26D5F4B-20B1-4479-B252-024D422AD972}.Release|x64.Build.0 = Release|x64
		{F26D5F4B-20B1-4479-B252-024D422AD972}.Release|x86.ActiveCfg = Release|Win32
		{F26D5F4B-20B1-4479-B252-024D422AD972}.Release|x86.Build.0 = Release|Win32
		{8FCF0B5F-288F-4D6E-A5F8-FA84E7980D4B}.Debug|x64.ActiveCfg = Debug|x64
		{8FCF0B5F-288F-4D6E-A5F8-FA84E7980D4B}.Debug|x64.Build.0 = Debug|x64
		{8FCF0B5F-288F-4D6E-A5F8-FA84E7980D4B}.Debug|x86.ActiveCfg = Debug|Win32
		{8FCF0B5F-288F-4D6E-A5F8-FA84E7980D4B}.Debug|x86.Build.0 = Debug|Win32
		{8FCF0B5F-288F-4D6E-A5F8-FA84E7980D4B}.Release|x64.ActiveCfg = Release|x64
		{8FCF0B5F-288F-4D6E-A5F8-FA84E7980D4B}.Release|x64.Build.0 = Release|x64
		{8FCF0B5F-288F-4D6E-A5F8-FA84E7980D4B}.Release|x86.ActiveCfg = Release|Win32
		{8FCF0B5F-288F-4D6E-A5F8-FA84E7980D4B}.Release|x86.Build.0 = Release|Win32
		{EB471C86-2388-4107-9C96-B19385C2A597}.Debug|x64.ActiveCfg = Debug|x64
		{EB471C86-2388-4107-9C96-B19385C2A597}.Debug|x64.Build.0 = Debug|x64
		{EB471C86-2388-4107-9C96-B19385C2A597}.Debug|x86.ActiveCfg = Debug|Win32
		{EB471C86-2388-4107-9C96-B19385C2A597}.Debug|x86.Build.0 = Debug|Win32
		{EB471C86-2388-4107-9C96-B19385C2A597}.Release|x64.ActiveCfg = Release|x64
		{EB471C86-2388-4107-9C96-B19385C2A597}.Release|x64.Build.0 = Release|x64
		{EB471C86-2388-4107-9C96-B19385C2A597}.Release|x86.ActiveCfg = Release|Win32
		{EB471C86-2388-4107-9C96-B19385C2A597}.Release|x86.Build.0 = Release|Win32
	EndGlobalSection
	GlobalSection(SolutionProperties) = preSolution
		HideSolutionNode = FALSE
	EndGlobalSection
	GlobalSection(ExtensibilityGlobals) = postSolution
		SolutionGuid = {E1A7A1E7-D34F-41B0-BDAC-C1C89B7EB166}
	EndGlobalSection
EndGlobal
